
Microsoft Visual Studio Solution File, Format Version 12.00
# Visual Studio Version 16
VisualStudioVersion = 16.0.29306.81
MinimumVisualStudioVersion = 10.0.40219.1
Project("{FAE04EC0-301F-11D3-BF4B-00C04F79EFBC}") = "ScorekeeperApi", "ScorekeeperApi\ScorekeeperApi.csproj", "{3DE92E24-44A8-4E35-9ED0-257943280179}"
EndProject
Global
	GlobalSection(SolutionConfigurationPlatforms) = preSolution
		Debug|Any CPU = Debug|Any CPU
		Release|Any CPU = Release|Any CPU
	EndGlobalSection
	GlobalSection(ProjectConfigurationPlatforms) = postSolution
		{3DE92E24-44A8-4E35-9ED0-257943280179}.Debug|Any CPU.ActiveCfg = Debug|Any CPU
		{3DE92E24-44A8-4E35-9ED0-257943280179}.Debug|Any CPU.Build.0 = Debug|Any CPU
		{3DE92E24-44A8-4E35-9ED0-257943280179}.Release|Any CPU.ActiveCfg = Release|Any CPU
		{3DE92E24-44A8-4E35-9ED0-257943280179}.Release|Any CPU.Build.0 = Release|Any CPU
	EndGlobalSection
	GlobalSection(SolutionProperties) = preSolution
		HideSolutionNode = FALSE
	EndGlobalSection
	GlobalSection(ExtensibilityGlobals) = postSolution
		SolutionGuid = {260DA5AA-3840-408D-834B-2B92070692B7}
	EndGlobalSection
EndGlobal
